
Microsoft Visual Studio Solution File, Format Version 12.00
# Visual Studio Version 17
VisualStudioVersion = 17.6.33815.320
MinimumVisualStudioVersion = 10.0.40219.1
Project("{FAE04EC0-301F-11D3-BF4B-00C04F79EFBC}") = "MTASA.Http.Sdk", "MTASA.Http.Sdk\MTASA.Http.Sdk.csproj", "{E4C5D826-D8E2-4CDC-9CB9-4BF8CD01FBB8}"
EndProject
Global
	GlobalSection(SolutionConfigurationPlatforms) = preSolution
		Debug|Any CPU = Debug|Any CPU
		Release|Any CPU = Release|Any CPU
	EndGlobalSection
	GlobalSection(ProjectConfigurationPlatforms) = postSolution
		{E4C5D826-D8E2-4CDC-9CB9-4BF8CD01FBB8}.Debug|Any CPU.ActiveCfg = Debug|Any CPU
		{E4C5D826-D8E2-4CDC-9CB9-4BF8CD01FBB8}.Debug|Any CPU.Build.0 = Debug|Any CPU
		{E4C5D826-D8E2-4CDC-9CB9-4BF8CD01FBB8}.Release|Any CPU.ActiveCfg = Release|Any CPU
		{E4C5D826-D8E2-4CDC-9CB9-4BF8CD01FBB8}.Release|Any CPU.Build.0 = Release|Any CPU
	EndGlobalSection
	GlobalSection(SolutionProperties) = preSolution
		HideSolutionNode = FALSE
	EndGlobalSection
	GlobalSection(ExtensibilityGlobals) = postSolution
		SolutionGuid = {2593307B-2433-4EF0-A95B-7A07D058762D}
	EndGlobalSection
EndGlobal
